
Microsoft Visual Studio Solution File, Format Version 12.00
# Visual Studio Version 17
VisualStudioVersion = 17.4.33205.214
MinimumVisualStudioVersion = 10.0.40219.1
Project("{9A19103F-16F7-4668-BE54-9A1E7A4F7556}") = "Books.Infrastructure", "infrastructure\Books.Infrastructure\Books.Infrastructure.csproj", "{CA416C66-7572-4BFC-A8CE-79490ACEAAB0}"
EndProject
Project("{9A19103F-16F7-4668-BE54-9A1E7A4F7556}") = "Books.Core", "core\Books.Core\Books.Core.csproj", "{045ABE55-D5BD-4BB9-AB5A-97396DF2052E}"
EndProject
Project("{9A19103F-16F7-4668-BE54-9A1E7A4F7556}") = "Books.Database", "database\Books.Database\Books.Database.csproj", "{3FFF4AF5-81C0-4ACF-AEA8-8BE846DDE865}"
EndProject
Project("{9A19103F-16F7-4668-BE54-9A1E7A4F7556}") = "Books.Api", "api\Books.Api\Books.Api.csproj", "{7A2C5DA5-2124-4A9D-88D2-0F042D49A3DD}"
EndProject
Project("{2150E333-8FDC-42A3-9474-1A3956D46DE8}") = "api", "api", "{B7B9004B-C039-463D-B05C-D5ED3E428741}"
EndProject
Project("{2150E333-8FDC-42A3-9474-1A3956D46DE8}") = "core", "core", "{56125D7F-0A2D-4ECB-9CE8-36E0AAE5EBC9}"
EndProject
Project("{2150E333-8FDC-42A3-9474-1A3956D46DE8}") = "database", "database", "{65BE0454-8528-4B8E-9440-C68BC8FDF388}"
EndProject
Project("{2150E333-8FDC-42A3-9474-1A3956D46DE8}") = "infrastructure", "infrastructure", "{4EAF1387-C546-44EF-8403-26D236D4C596}"
EndProject
Global
	GlobalSection(SolutionConfigurationPlatforms) = preSolution
		Debug|Any CPU = Debug|Any CPU
		Release|Any CPU = Release|Any CPU
	EndGlobalSection
	GlobalSection(ProjectConfigurationPlatforms) = postSolution
		{CA416C66-7572-4BFC-A8CE-79490ACEAAB0}.Debug|Any CPU.ActiveCfg = Debug|Any CPU
		{CA416C66-7572-4BFC-A8CE-79490ACEAAB0}.Debug|Any CPU.Build.0 = Debug|Any CPU
		{CA416C66-7572-4BFC-A8CE-79490ACEAAB0}.Release|Any CPU.ActiveCfg = Release|Any CPU
		{CA416C66-7572-4BFC-A8CE-79490ACEAAB0}.Release|Any CPU.Build.0 = Release|Any CPU
		{045ABE55-D5BD-4BB9-AB5A-97396DF2052E}.Debug|Any CPU.ActiveCfg = Debug|Any CPU
		{045ABE55-D5BD-4BB9-AB5A-97396DF2052E}.Debug|Any CPU.Build.0 = Debug|Any CPU
		{045ABE55-D5BD-4BB9-AB5A-97396DF2052E}.Release|Any CPU.ActiveCfg = Release|Any CPU
		{045ABE55-D5BD-4BB9-AB5A-97396DF2052E}.Release|Any CPU.Build.0 = Release|Any CPU
		{3FFF4AF5-81C0-4ACF-AEA8-8BE846DDE865}.Debug|Any CPU.ActiveCfg = Debug|Any CPU
		{3FFF4AF5-81C0-4ACF-AEA8-8BE846DDE865}.Debug|Any CPU.Build.0 = Debug|Any CPU
		{3FFF4AF5-81C0-4ACF-AEA8-8BE846DDE865}.Release|Any CPU.ActiveCfg = Release|Any CPU
		{3FFF4AF5-81C0-4ACF-AEA8-8BE846DDE865}.Release|Any CPU.Build.0 = Release|Any CPU
		{7A2C5DA5-2124-4A9D-88D2-0F042D49A3DD}.Debug|Any CPU.ActiveCfg = Debug|Any CPU
		{7A2C5DA5-2124-4A9D-88D2-0F042D49A3DD}.Debug|Any CPU.Build.0 = Debug|Any CPU
		{7A2C5DA5-2124-4A9D-88D2-0F042D49A3DD}.Release|Any CPU.ActiveCfg = Release|Any CPU
		{7A2C5DA5-2124-4A9D-88D2-0F042D49A3DD}.Release|Any CPU.Build.0 = Release|Any CPU
	EndGlobalSection
	GlobalSection(SolutionProperties) = preSolution
		HideSolutionNode = FALSE
	EndGlobalSection
	GlobalSection(NestedProjects) = preSolution
		{CA416C66-7572-4BFC-A8CE-79490ACEAAB0} = {4EAF1387-C546-44EF-8403-26D236D4C596}
		{045ABE55-D5BD-4BB9-AB5A-97396DF2052E} = {56125D7F-0A2D-4ECB-9CE8-36E0AAE5EBC9}
		{3FFF4AF5-81C0-4ACF-AEA8-8BE846DDE865} = {65BE0454-8528-4B8E-9440-C68BC8FDF388}
		{7A2C5DA5-2124-4A9D-88D2-0F042D49A3DD} = {B7B9004B-C039-463D-B05C-D5ED3E428741}
	EndGlobalSection
	GlobalSection(ExtensibilityGlobals) = postSolution
		SolutionGuid = {C5A881C0-1762-42D7-AC92-69DE18A90324}
	EndGlobalSection
EndGlobal
